
Microsoft Visual Studio Solution File, Format Version 12.00
# Visual Studio Version 17
VisualStudioVersion = 17.1.32319.34
MinimumVisualStudioVersion = 10.0.40219.1
Project("{FAE04EC0-301F-11D3-BF4B-00C04F79EFBC}") = "VKR_Zhitenev2", "VKR_Zhitenev2.0\VKR_Zhitenev2.csproj", "{4F3E5BB2-5CB1-4244-871F-50E6CA095880}"
EndProject
Global
	GlobalSection(SolutionConfigurationPlatforms) = preSolution
		Debug|Any CPU = Debug|Any CPU
		Release|Any CPU = Release|Any CPU
	EndGlobalSection
	GlobalSection(ProjectConfigurationPlatforms) = postSolution
		{4F3E5BB2-5CB1-4244-871F-50E6CA095880}.Debug|Any CPU.ActiveCfg = Debug|Any CPU
		{4F3E5BB2-5CB1-4244-871F-50E6CA095880}.Debug|Any CPU.Build.0 = Debug|Any CPU
		{4F3E5BB2-5CB1-4244-871F-50E6CA095880}.Release|Any CPU.ActiveCfg = Release|Any CPU
		{4F3E5BB2-5CB1-4244-871F-50E6CA095880}.Release|Any CPU.Build.0 = Release|Any CPU
	EndGlobalSection
	GlobalSection(SolutionProperties) = preSolution
		HideSolutionNode = FALSE
	EndGlobalSection
	GlobalSection(ExtensibilityGlobals) = postSolution
		SolutionGuid = {891B5523-5492-47A6-A399-A39A26703457}
	EndGlobalSection
EndGlobal
